# THIS IS AN AUTOGENERATED FILE. DO NOT EDIT THIS FILE DIRECTLY.
# yarn lockfile v1


"@babel/runtime@^7.18.6":
  "integrity" "sha512-gt3PKXs0DBoL9xCvOIIZ2NEqAGZqHjAnmVbfQtB620V0uReIQutpel14KcneZuer7UioY8ALKZ7iocavvzTNFA=="
  "resolved" "https://registry.npmjs.org/@babel/runtime/-/runtime-7.20.13.tgz"
  "version" "7.20.13"
  dependencies:
    "regenerator-runtime" "^0.13.11"

"@ethersproject/bignumber@^5.5.0":
  "integrity" "sha512-n1CAdIHRWjSucQO3MC1zPSVgV/6dy/fjL9pMrPP9peL+QxEg9wOsVqwD4+818B6LUEtaXzVHQiuivzRoxPxUGw=="
  "resolved" "https://registry.npmjs.org/@ethersproject/bignumber/-/bignumber-5.7.0.tgz"
  "version" "5.7.0"
  dependencies:
    "@ethersproject/bytes" "^5.7.0"
    "@ethersproject/logger" "^5.7.0"
    "bn.js" "^5.2.1"

"@ethersproject/bytes@^5.7.0":
  "integrity" "sha512-nsbxwgFXWh9NyYWo+U8atvmMsSdKJprTcICAkvbBffT75qDocbuggBU0SJiVK2MuTrp0q+xvLkTnGMPK1+uA9A=="
  "resolved" "https://registry.npmjs.org/@ethersproject/bytes/-/bytes-5.7.0.tgz"
  "version" "5.7.0"
  dependencies:
    "@ethersproject/logger" "^5.7.0"

"@ethersproject/logger@^5.7.0":
  "integrity" "sha512-0odtFdXu/XHtjQXJYA3u9G0G8btm0ND5Cu8M7i5vhEcE8/HmF4Lbdqanwyv4uQTr2tx6b7fQRmgLrsnpQlmnig=="
  "resolved" "https://registry.npmjs.org/@ethersproject/logger/-/logger-5.7.0.tgz"
  "version" "5.7.0"

"@jbx-protocol/juice-721-delegate@^4.0.1":
  "integrity" "sha512-uDxM+SpAOidYQMHoaiVz8FDblL93QFep5C5AbCIhM8PoyNhesqEAjEpMzVD1O4ywGHL2FuCK+t0x6+45ngAH3w=="
  "resolved" "https://registry.npmjs.org/@jbx-protocol/juice-721-delegate/-/juice-721-delegate-4.0.1.tgz"
  "version" "4.0.1"
  dependencies:
    "@jbx-protocol/juice-contracts-v3" "^2.0.0"
    "@openzeppelin/contracts" "^4.6.0"
    "@paulrberg/contracts" "^3.7.0"
    "prb-math" "^2.4.3"

"@jbx-protocol/juice-contracts-v3@^2.0.0", "@jbx-protocol/juice-contracts-v3@^2.0.5":
  "integrity" "sha512-pQSJbzz96nzHc2HDlN0Xx6uJufnRPAiUsilSwGRLjX38KZaeOtC7LU+YY0G5OHpH8tQPyAC/G/m5EwjpObIh3A=="
  "resolved" "https://registry.npmjs.org/@jbx-protocol/juice-contracts-v3/-/juice-contracts-v3-2.0.5.tgz"
  "version" "2.0.5"

"@openzeppelin/contracts@^4.6.0":
  "integrity" "sha512-xQ6eUZl+RDyb/FiZe1h+U7qr/f4p/SrTSQcTPH2bjur3C5DbuW/zFgCU/b1P/xcIaEqJep+9ju4xDRi3rmChdQ=="
  "resolved" "https://registry.npmjs.org/@openzeppelin/contracts/-/contracts-4.8.1.tgz"
  "version" "4.8.1"

"@paulrberg/contracts@^3.7.0":
  "integrity" "sha512-vOBN0P1xjT0rJqQs8DZ1B48qO0tHx6tabfGomsWC57EUMQzEYY/Kw8jS6uVbpeJRes1X+mPXcxmEoilAvUN7Ng=="
  "resolved" "https://registry.npmjs.org/@paulrberg/contracts/-/contracts-3.7.0.tgz"
  "version" "3.7.0"
  dependencies:
    "prb-math" "^2.4.1"

"base64-sol@^1.1.0":
  "integrity" "sha512-mksLxtFyBcXd3LYK5UxyMj29YR//zoaeXpJaKRbnLQC0E99oCJl7VpKaJDXWAuTvnhxBU9XNYzhxSL8umsrxWg=="
  "resolved" "https://registry.npmjs.org/base64-sol/-/base64-sol-1.1.0.tgz"
  "version" "1.1.0"

"bn.js@^5.2.1":
  "integrity" "sha512-eXRvHzWyYPBuB4NBy0cmYQjGitUrtqwbvlzP3G6VFnNRbsZQIxQ10PbKKHt8gZ/HW/D/747aDl+QkDqg3KQLMQ=="
  "resolved" "https://registry.npmjs.org/bn.js/-/bn.js-5.2.1.tgz"
  "version" "5.2.1"

"complex.js@^2.1.1":
  "integrity" "sha512-8njCHOTtFFLtegk6zQo0kkVX1rngygb/KQI6z1qZxlFI3scluC+LVTCFbrkWjBv4vvLlbQ9t88IPMC6k95VTTg=="
  "resolved" "https://registry.npmjs.org/complex.js/-/complex.js-2.1.1.tgz"
  "version" "2.1.1"

"decimal.js@^10.3.1":
  "integrity" "sha512-VBBaLc1MgL5XpzgIP7ny5Z6Nx3UrRkIViUkPUdtl9aya5amy3De1gsUUSB1g3+3sExYNjCAsAznmukyxCb1GRA=="
  "resolved" "https://registry.npmjs.org/decimal.js/-/decimal.js-10.4.3.tgz"
  "version" "10.4.3"

"escape-latex@^1.2.0":
  "integrity" "sha512-nV5aVWW1K0wEiUIEdZ4erkGGH8mDxGyxSeqPzRNtWP7ataw+/olFObw7hujFWlVjNsaDFw5VZ5NzVSIqRgfTiw=="
  "resolved" "https://registry.npmjs.org/escape-latex/-/escape-latex-1.2.0.tgz"
  "version" "1.2.0"

"evm-bn@^1.1.1":
  "integrity" "sha512-Lq8CT1EAjSeN+Yk0h1hpSwnZyMA4Xir6fQD4vlStljAuW2xr7qLOEGDLGsTa9sU2e40EYIumA4wYhMC/e+lyKw=="
  "resolved" "https://registry.npmjs.org/evm-bn/-/evm-bn-1.1.2.tgz"
  "version" "1.1.2"
  dependencies:
    "@ethersproject/bignumber" "^5.5.0"
    "from-exponential" "^1.1.1"

"fraction.js@^4.2.0":
  "integrity" "sha512-MhLuK+2gUcnZe8ZHlaaINnQLl0xRIGRfcGk2yl8xoQAfHrSsL3rYu6FCmBdkdbhc9EPlwyGHewaRsvwRMJtAlA=="
  "resolved" "https://registry.npmjs.org/fraction.js/-/fraction.js-4.2.0.tgz"
  "version" "4.2.0"

"from-exponential@^1.1.1":
  "integrity" "sha512-VBE7f5OVnYwdgB3LHa+Qo29h8qVpxhVO9Trlc+AWm+/XNAgks1tAwMFHb33mjeiof77GglsJzeYF7OqXrROP/A=="
  "resolved" "https://registry.npmjs.org/from-exponential/-/from-exponential-1.1.1.tgz"
  "version" "1.1.1"

"javascript-natural-sort@^0.7.1":
  "integrity" "sha512-nO6jcEfZWQXDhOiBtG2KvKyEptz7RVbpGP4vTD2hLBdmNQSsCiicO2Ioinv6UI4y9ukqnBpy+XZ9H6uLNgJTlw=="
  "resolved" "https://registry.npmjs.org/javascript-natural-sort/-/javascript-natural-sort-0.7.1.tgz"
  "version" "0.7.1"

"mathjs@^10.1.1":
  "integrity" "sha512-omQyvRE1jIy+3k2qsqkWASOcd45aZguXZDckr3HtnTYyXk5+2xpVfC3kATgbO2Srjxlqww3TVdhD0oUdZ/hiFA=="
  "resolved" "https://registry.npmjs.org/mathjs/-/mathjs-10.6.4.tgz"
  "version" "10.6.4"
  dependencies:
    "@babel/runtime" "^7.18.6"
    "complex.js" "^2.1.1"
    "decimal.js" "^10.3.1"
    "escape-latex" "^1.2.0"
    "fraction.js" "^4.2.0"
    "javascript-natural-sort" "^0.7.1"
    "seedrandom" "^3.0.5"
    "tiny-emitter" "^2.1.0"
    "typed-function" "^2.1.0"

"prb-math@^2.4.1", "prb-math@^2.4.3":
  "integrity" "sha512-t5jncEscKmWg7COkMkmbXXxSeDI6Xl21rxx5e+oxUCqskNvsu6Q9RqdVfGY6y+sMwyMQE8DJ/OOyQ9ExH1yfbw=="
  "resolved" "https://registry.npmjs.org/prb-math/-/prb-math-2.4.3.tgz"
  "version" "2.4.3"
  dependencies:
    "@ethersproject/bignumber" "^5.5.0"
    "decimal.js" "^10.3.1"
    "evm-bn" "^1.1.1"
    "mathjs" "^10.1.1"

"regenerator-runtime@^0.13.11":
  "integrity" "sha512-kY1AZVr2Ra+t+piVaJ4gxaFaReZVH40AKNo7UCX6W+dEwBo/2oZJzqfuN1qLq1oL45o56cPaTXELwrTh8Fpggg=="
  "resolved" "https://registry.npmjs.org/regenerator-runtime/-/regenerator-runtime-0.13.11.tgz"
  "version" "0.13.11"

"seedrandom@^3.0.5":
  "integrity" "sha512-8OwmbklUNzwezjGInmZ+2clQmExQPvomqjL7LFqOYqtmuxRgQYqOD3mHaU+MvZn5FLUeVxVfQjwLZW/n/JFuqg=="
  "resolved" "https://registry.npmjs.org/seedrandom/-/seedrandom-3.0.5.tgz"
  "version" "3.0.5"

"tiny-emitter@^2.1.0":
  "integrity" "sha512-NB6Dk1A9xgQPMoGqC5CVXn123gWyte215ONT5Pp5a0yt4nlEoO1ZWeCwpncaekPHXO60i47ihFnZPiRPjRMq4Q=="
  "resolved" "https://registry.npmjs.org/tiny-emitter/-/tiny-emitter-2.1.0.tgz"
  "version" "2.1.0"

"typed-function@^2.1.0":
  "integrity" "sha512-bctQIOqx2iVbWGDGPWwIm18QScpu2XRmkC19D8rQGFsjKSgteq/o1hTZvIG/wuDq8fanpBDrLkLq+aEN/6y5XQ=="
  "resolved" "https://registry.npmjs.org/typed-function/-/typed-function-2.1.0.tgz"
  "version" "2.1.0"
